
Microsoft Visual Studio Solution File, Format Version 12.00
Project("{FAE04EC0-301F-11D3-BF4B-00C04F79EFBC}") = "PetTransport.Web", "src\PetTransport.Web\PetTransport.Web.csproj", "{519C65AF-8388-4588-8C30-E657DA1CF466}"
EndProject
Project("{2150E333-8FDC-42A3-9474-1A3956D46DE8}") = "src", "src", "{A858196A-3346-47B6-89F9-CEE4B3117FC4}"
EndProject
Project("{FAE04EC0-301F-11D3-BF4B-00C04F79EFBC}") = "PetTransport.Domain", "src\PetTransport.Domain\PetTransport.Domain.csproj", "{B5C5BB28-222B-4320-9445-4AA35B2F28E0}"
EndProject
Project("{FAE04EC0-301F-11D3-BF4B-00C04F79EFBC}") = "PetTransport.Infrastructure", "src\PetTransport.Infrastructure\PetTransport.Infrastructure.csproj", "{70F4CC7B-3AE0-46BA-99F4-6B1E314499FA}"
EndProject
Project("{FAE04EC0-301F-11D3-BF4B-00C04F79EFBC}") = "PetTransport.Application", "src\PetTransport.Application\PetTransport.Application.csproj", "{4C09E553-99FF-4644-8856-DE43B4343854}"
EndProject
Global
	GlobalSection(SolutionConfigurationPlatforms) = preSolution
		Debug|Any CPU = Debug|Any CPU
		Release|Any CPU = Release|Any CPU
	EndGlobalSection
	GlobalSection(ProjectConfigurationPlatforms) = postSolution
		{519C65AF-8388-4588-8C30-E657DA1CF466}.Debug|Any CPU.ActiveCfg = Debug|Any CPU
		{519C65AF-8388-4588-8C30-E657DA1CF466}.Debug|Any CPU.Build.0 = Debug|Any CPU
		{519C65AF-8388-4588-8C30-E657DA1CF466}.Release|Any CPU.ActiveCfg = Release|Any CPU
		{519C65AF-8388-4588-8C30-E657DA1CF466}.Release|Any CPU.Build.0 = Release|Any CPU
		{B5C5BB28-222B-4320-9445-4AA35B2F28E0}.Debug|Any CPU.ActiveCfg = Debug|Any CPU
		{B5C5BB28-222B-4320-9445-4AA35B2F28E0}.Debug|Any CPU.Build.0 = Debug|Any CPU
		{B5C5BB28-222B-4320-9445-4AA35B2F28E0}.Release|Any CPU.ActiveCfg = Release|Any CPU
		{B5C5BB28-222B-4320-9445-4AA35B2F28E0}.Release|Any CPU.Build.0 = Release|Any CPU
		{70F4CC7B-3AE0-46BA-99F4-6B1E314499FA}.Debug|Any CPU.ActiveCfg = Debug|Any CPU
		{70F4CC7B-3AE0-46BA-99F4-6B1E314499FA}.Debug|Any CPU.Build.0 = Debug|Any CPU
		{70F4CC7B-3AE0-46BA-99F4-6B1E314499FA}.Release|Any CPU.ActiveCfg = Release|Any CPU
		{70F4CC7B-3AE0-46BA-99F4-6B1E314499FA}.Release|Any CPU.Build.0 = Release|Any CPU
		{4C09E553-99FF-4644-8856-DE43B4343854}.Debug|Any CPU.ActiveCfg = Debug|Any CPU
		{4C09E553-99FF-4644-8856-DE43B4343854}.Debug|Any CPU.Build.0 = Debug|Any CPU
		{4C09E553-99FF-4644-8856-DE43B4343854}.Release|Any CPU.ActiveCfg = Release|Any CPU
		{4C09E553-99FF-4644-8856-DE43B4343854}.Release|Any CPU.Build.0 = Release|Any CPU
	EndGlobalSection
	GlobalSection(NestedProjects) = preSolution
		{519C65AF-8388-4588-8C30-E657DA1CF466} = {A858196A-3346-47B6-89F9-CEE4B3117FC4}
		{B5C5BB28-222B-4320-9445-4AA35B2F28E0} = {A858196A-3346-47B6-89F9-CEE4B3117FC4}
		{70F4CC7B-3AE0-46BA-99F4-6B1E314499FA} = {A858196A-3346-47B6-89F9-CEE4B3117FC4}
		{4C09E553-99FF-4644-8856-DE43B4343854} = {A858196A-3346-47B6-89F9-CEE4B3117FC4}
	EndGlobalSection
EndGlobal
